{
  "name": "php_frameworkless",
  "version": "1.0.0",
  "lockfileVersion": 3,
  "requires": true,
  "packages": {
    "": {
      "name": "php_frameworkless",
      "version": "1.0.0",
      "hasInstallScript": true,
      "license": "MIT",
      "dependencies": {
        "@types/alpinejs": "^3",
        "alpinejs": "^3",
        "modern-normalize": "^2",
        "web-vitals": "^3"
      }
    },
    "node_modules/@types/alpinejs": {
      "version": "3.13.7",
      "resolved": "https://registry.npmjs.org/@types/alpinejs/-/alpinejs-3.13.7.tgz",
      "integrity": "sha512-9VH1N/414xJy9FJXXAfwQjbX+i+Qr9Xs8xAI1xBdD79X2EvHnAen5qRiSsbJuhqQJ9J798W3CUva21EidO3krw=="
    },
    "node_modules/@vue/reactivity": {
      "version": "3.1.5",
      "resolved": "https://registry.npmjs.org/@vue/reactivity/-/reactivity-3.1.5.tgz",
      "integrity": "sha512-1tdfLmNjWG6t/CsPldh+foumYFo3cpyCHgBYQ34ylaMsJ+SNHQ1kApMIa8jN+i593zQuaw3AdWH0nJTARzCFhg==",
      "dependencies": {
        "@vue/shared": "3.1.5"
      }
    },
    "node_modules/@vue/shared": {
      "version": "3.1.5",
      "resolved": "https://registry.npmjs.org/@vue/shared/-/shared-3.1.5.tgz",
      "integrity": "sha512-oJ4F3TnvpXaQwZJNF3ZK+kLPHKarDmJjJ6jyzVNDKH9md1dptjC7lWR//jrGuLdek/U6iltWxqAnYOu8gCiOvA=="
    },
    "node_modules/alpinejs": {
      "version": "3.13.7",
      "resolved": "https://registry.npmjs.org/alpinejs/-/alpinejs-3.13.7.tgz",
      "integrity": "sha512-rcTyjTANbsePq1hb7eSekt3qjI94HLGeO6JaRjCssCVbIIc+qBrc7pO5S/+2JB6oojIibjM6FA+xRI3zhGPZIg==",
      "dependencies": {
        "@vue/reactivity": "~3.1.1"
      }
    },
    "node_modules/modern-normalize": {
      "version": "2.0.0",
      "resolved": "https://registry.npmjs.org/modern-normalize/-/modern-normalize-2.0.0.tgz",
      "integrity": "sha512-CxBoEVKh5U4DH3XuNbc5ONLF6dQBc8dSc7pdZ1957FGbIO5JBqGqqchhET9dTexri8/pk9xBL6+5ceOtCIp1QA==",
      "engines": {
        "node": ">=6"
      },
      "funding": {
        "url": "https://github.com/sponsors/sindresorhus"
      }
    },
    "node_modules/web-vitals": {
      "version": "3.5.2",
      "resolved": "https://registry.npmjs.org/web-vitals/-/web-vitals-3.5.2.tgz",
      "integrity": "sha512-c0rhqNcHXRkY/ogGDJQxZ9Im9D19hDihbzSQJrsioex+KnFgmMzBiy57Z1EjkhX/+OjyBpclDCzz2ITtjokFmg=="
    }
  }
}
