lockfileVersion: '6.0'

settings:
  autoInstallPeers: true
  excludeLinksFromLockfile: false

dependencies:
  '@types/alpinejs':
    specifier: ^3
    version: 3.13.9
  alpinejs:
    specifier: ^3
    version: 3.13.7
  modern-normalize:
    specifier: ^2
    version: 2.0.0
  web-vitals:
    specifier: ^3
    version: 3.5.2

packages:

  /@types/alpinejs@3.13.9:
    resolution: {integrity: sha512-R6Xy2K+S7811EuXz4CekBaQKtrAJsLm+Hw8kke0R9IwfoMxJsrEqG2TAkMqQa8gAKZb2hClOcNdPql5vH+ku3g==}
    dev: false

  /@vue/reactivity@3.1.5:
    resolution: {integrity: sha512-1tdfLmNjWG6t/CsPldh+foumYFo3cpyCHgBYQ34ylaMsJ+SNHQ1kApMIa8jN+i593zQuaw3AdWH0nJTARzCFhg==}
    dependencies:
      '@vue/shared': 3.1.5
    dev: false

  /@vue/shared@3.1.5:
    resolution: {integrity: sha512-oJ4F3TnvpXaQwZJNF3ZK+kLPHKarDmJjJ6jyzVNDKH9md1dptjC7lWR//jrGuLdek/U6iltWxqAnYOu8gCiOvA==}
    dev: false

  /alpinejs@3.13.7:
    resolution: {integrity: sha512-rcTyjTANbsePq1hb7eSekt3qjI94HLGeO6JaRjCssCVbIIc+qBrc7pO5S/+2JB6oojIibjM6FA+xRI3zhGPZIg==}
    dependencies:
      '@vue/reactivity': 3.1.5
    dev: false

  /modern-normalize@2.0.0:
    resolution: {integrity: sha512-CxBoEVKh5U4DH3XuNbc5ONLF6dQBc8dSc7pdZ1957FGbIO5JBqGqqchhET9dTexri8/pk9xBL6+5ceOtCIp1QA==}
    engines: {node: '>=6'}
    dev: false

  /web-vitals@3.5.2:
    resolution: {integrity: sha512-c0rhqNcHXRkY/ogGDJQxZ9Im9D19hDihbzSQJrsioex+KnFgmMzBiy57Z1EjkhX/+OjyBpclDCzz2ITtjokFmg==}
    dev: false
