# THIS IS AN AUTOGENERATED FILE. DO NOT EDIT THIS FILE DIRECTLY.
# yarn lockfile v1


"@types/alpinejs@^3":
  version "3.13.9"
  resolved "https://registry.yarnpkg.com/@types/alpinejs/-/alpinejs-3.13.9.tgz#b389bb23d52b8db0ff04dda978cd84f8b79396de"
  integrity sha512-R6Xy2K+S7811EuXz4CekBaQKtrAJsLm+Hw8kke0R9IwfoMxJsrEqG2TAkMqQa8gAKZb2hClOcNdPql5vH+ku3g==

"@vue/reactivity@~3.1.1":
  version "3.1.5"
  resolved "https://registry.yarnpkg.com/@vue/reactivity/-/reactivity-3.1.5.tgz#dbec4d9557f7c8f25c2635db1e23a78a729eb991"
  integrity sha512-1tdfLmNjWG6t/CsPldh+foumYFo3cpyCHgBYQ34ylaMsJ+SNHQ1kApMIa8jN+i593zQuaw3AdWH0nJTARzCFhg==
  dependencies:
    "@vue/shared" "3.1.5"

"@vue/shared@3.1.5":
  version "3.1.5"
  resolved "https://registry.yarnpkg.com/@vue/shared/-/shared-3.1.5.tgz#74ee3aad995d0a3996a6bb9533d4d280514ede03"
  integrity sha512-oJ4F3TnvpXaQwZJNF3ZK+kLPHKarDmJjJ6jyzVNDKH9md1dptjC7lWR//jrGuLdek/U6iltWxqAnYOu8gCiOvA==

alpinejs@^3:
  version "3.13.7"
  resolved "https://registry.yarnpkg.com/alpinejs/-/alpinejs-3.13.7.tgz#74ab35c69c33a0cf4c467a3339f4487ac846a04a"
  integrity sha512-rcTyjTANbsePq1hb7eSekt3qjI94HLGeO6JaRjCssCVbIIc+qBrc7pO5S/+2JB6oojIibjM6FA+xRI3zhGPZIg==
  dependencies:
    "@vue/reactivity" "~3.1.1"

modern-normalize@^2:
  version "2.0.0"
  resolved "https://registry.yarnpkg.com/modern-normalize/-/modern-normalize-2.0.0.tgz#3d04ed01c81a3d4e0a0fd9ceba6abd1b16f5964b"
  integrity sha512-CxBoEVKh5U4DH3XuNbc5ONLF6dQBc8dSc7pdZ1957FGbIO5JBqGqqchhET9dTexri8/pk9xBL6+5ceOtCIp1QA==

web-vitals@^3:
  version "3.5.2"
  resolved "https://registry.yarnpkg.com/web-vitals/-/web-vitals-3.5.2.tgz#5bb58461bbc173c3f00c2ddff8bfe6e680999ca9"
  integrity sha512-c0rhqNcHXRkY/ogGDJQxZ9Im9D19hDihbzSQJrsioex+KnFgmMzBiy57Z1EjkhX/+OjyBpclDCzz2ITtjokFmg==
